hash: 067cf4675988375e288aed71e89aca329f696aab3e555e01354b17fc25155f22
updated: 2017-11-17T08:34:54.735280675-05:00
imports:
- name: github.com/julienschmidt/httprouter
  version: e1b9828bc9e5904baec057a154c09ca40fe7fae0
- name: github.com/urfave/negroni
  version: 5dbbc83f748fc3ad38585842b0aedab546d0ea1e
testImports:
- name: github.com/davecgh/go-spew
  version: 6d212800a42e8ab5c146b8ace3490ee17e5225f9
  subpackages:
  - spew
- name: github.com/pmezard/go-difflib
  version: d8ed2627bdf02c080bf22230dbb337003b7aba2d
  subpackages:
  - difflib
- name: github.com/stretchr/testify
  version: 69483b4bd14f5845b5a1e55bca19e954e827f1d0
  subpackages:
  - assert
